{
  "lockfileVersion": 1,
  "workspaces": {
    "": {
      "dependencies": {
        "motion": "^12.23.5",
        "react-modal-sheet": "^4.4.0",
      },
    },
  },
  "packages": {
    "framer-motion": ["framer-motion@12.23.5", "", { "dependencies": { "motion-dom": "^12.23.5", "motion-utils": "^12.23.2", "tslib": "^2.4.0" }, "peerDependencies": { "@emotion/is-prop-valid": "*", "react": "^18.0.0 || ^19.0.0", "react-dom": "^18.0.0 || ^19.0.0" }, "optionalPeers": ["@emotion/is-prop-valid", "react", "react-dom"] }, "sha512-t+6/f2TUowkr1gVuGwVwxR3ZQupCdCZj0mivG8M8CW2kwHPqtSePomECvmto15qoFCwost77O/XuEsq59MLDKw=="],

    "motion": ["motion@12.23.5", "", { "dependencies": { "framer-motion": "^12.23.5", "tslib": "^2.4.0" }, "peerDependencies": { "@emotion/is-prop-valid": "*", "react": "^18.0.0 || ^19.0.0", "react-dom": "^18.0.0 || ^19.0.0" }, "optionalPeers": ["@emotion/is-prop-valid", "react", "react-dom"] }, "sha512-FpabXbpG816YVOIoOpd0BNOCmOXOLwHMbX4Am4OpDs7VqbAfQvejM+CnTA6TuMKLdmX7h1FxG7bXaDGQiceHCg=="],

    "motion-dom": ["motion-dom@12.23.5", "", { "dependencies": { "motion-utils": "^12.23.2" } }, "sha512-RrUS4X11w7kIU1COoSVptuYTx1QQ/sViDEI1Yl1zL0nem8UXn3HRcsMrFTCkZSSRLXeVpN540bFP1iS87SicPQ=="],

    "motion-utils": ["motion-utils@12.23.2", "", {}, "sha512-cIEXlBlXAOUyiAtR0S+QPQUM9L3Diz23Bo+zM420NvSd/oPQJwg6U+rT+WRTpp0rizMsBGQOsAwhWIfglUcZfA=="],

    "react": ["react@19.1.0", "", {}, "sha512-FS+XFBNvn3GTAWq26joslQgWNoFu08F4kl0J4CgdNKADkdSGXQyTCnKteIAJy96Br6YbpEU1LSzV5dYtjMkMDg=="],

    "react-modal-sheet": ["react-modal-sheet@4.4.0", "", { "peerDependencies": { "motion": ">=11", "react": ">=16" } }, "sha512-ub42vR7iwjdM/2Zl6uZoH5M5Dcb6KTuVaOQ+uQCIlo10SdlYAhksb6u3eIFSLohFrX5q03rgFnR6Y0PKhjjl/Q=="],

    "tslib": ["tslib@2.8.1", "", {}, "sha512-oJFu94HQb+KVduSUQL7wnpmqnfmLsOA/nAh6b6EH0wCEoK0/mPeXU6c3wKDV83MkOuHPRHtSXKKU99IBazS/2w=="],
  }
}
